
Microsoft Visual Studio Solution File, Format Version 12.00
# Visual Studio Version 17
VisualStudioVersion = 17.13.35919.96
MinimumVisualStudioVersion = 10.0.40219.1
Project("{FAE04EC0-301F-11D3-BF4B-00C04F79EFBC}") = "KafkaPublish.API", "KafkaPublish\KafkaPublish.API.csproj", "{397B4133-CB6C-4934-A56C-8DC7773643B6}"
EndProject
Project("{FAE04EC0-301F-11D3-BF4B-00C04F79EFBC}") = "KafkaNonSequenceWorker", "KafkaNonSequenceWorker\KafkaNonSequenceWorker.csproj", "{02FED53E-EDEA-4145-A5BC-332449956CEB}"
EndProject
Project("{FAE04EC0-301F-11D3-BF4B-00C04F79EFBC}") = "KafkaSequenceWorker", "KafkaSequenceWorker\KafkaSequenceWorker.csproj", "{780A1729-55F8-40A0-A8E1-5C053030A604}"
EndProject
Project("{2150E333-8FDC-42A3-9474-1A3956D46DE8}") = "Worker", "Worker", "{02EA681E-C7D8-13C7-8484-4AC65E1B71E8}"
EndProject
Project("{2150E333-8FDC-42A3-9474-1A3956D46DE8}") = "API", "API", "{7A2D1624-549D-4894-B0FD-7E4A74AD2731}"
EndProject
Project("{2150E333-8FDC-42A3-9474-1A3956D46DE8}") = "Model", "Model", "{C138B6D9-1E46-4EAB-A07B-BF6935FC54A5}"
EndProject
Project("{FAE04EC0-301F-11D3-BF4B-00C04F79EFBC}") = "KafkaModel", "KafkaModel\KafkaModel.csproj", "{82DE6A67-515F-486F-B3CE-41BE4FB68F0D}"
EndProject
Project("{2150E333-8FDC-42A3-9474-1A3956D46DE8}") = "Config", "Config", "{5DB0F627-A061-476B-9EF1-700700D2E400}"
	ProjectSection(SolutionItems) = preProject
		Config\Development\appsettings.json = Config\Development\appsettings.json
	EndProjectSection
EndProject
Project("{2150E333-8FDC-42A3-9474-1A3956D46DE8}") = "Src", "Src", "{D271C265-875D-4808-92A3-FEDC9249BC3A}"
EndProject
Project("{2150E333-8FDC-42A3-9474-1A3956D46DE8}") = "Core", "Core", "{0E77A6C0-A4C8-46DB-9B0D-0E9AA18D84A4}"
EndProject
Project("{FAE04EC0-301F-11D3-BF4B-00C04F79EFBC}") = "KafkaCore", "KafkaCore\KafkaCore.csproj", "{6F865A86-084C-4B9B-885E-0B64F7C7311C}"
EndProject
Global
	GlobalSection(SolutionConfigurationPlatforms) = preSolution
		Debug|Any CPU = Debug|Any CPU
		Release|Any CPU = Release|Any CPU
	EndGlobalSection
	GlobalSection(ProjectConfigurationPlatforms) = postSolution
		{397B4133-CB6C-4934-A56C-8DC7773643B6}.Debug|Any CPU.ActiveCfg = Debug|Any CPU
		{397B4133-CB6C-4934-A56C-8DC7773643B6}.Debug|Any CPU.Build.0 = Debug|Any CPU
		{397B4133-CB6C-4934-A56C-8DC7773643B6}.Release|Any CPU.ActiveCfg = Release|Any CPU
		{397B4133-CB6C-4934-A56C-8DC7773643B6}.Release|Any CPU.Build.0 = Release|Any CPU
		{02FED53E-EDEA-4145-A5BC-332449956CEB}.Debug|Any CPU.ActiveCfg = Debug|Any CPU
		{02FED53E-EDEA-4145-A5BC-332449956CEB}.Debug|Any CPU.Build.0 = Debug|Any CPU
		{02FED53E-EDEA-4145-A5BC-332449956CEB}.Release|Any CPU.ActiveCfg = Release|Any CPU
		{02FED53E-EDEA-4145-A5BC-332449956CEB}.Release|Any CPU.Build.0 = Release|Any CPU
		{780A1729-55F8-40A0-A8E1-5C053030A604}.Debug|Any CPU.ActiveCfg = Debug|Any CPU
		{780A1729-55F8-40A0-A8E1-5C053030A604}.Debug|Any CPU.Build.0 = Debug|Any CPU
		{780A1729-55F8-40A0-A8E1-5C053030A604}.Release|Any CPU.ActiveCfg = Release|Any CPU
		{780A1729-55F8-40A0-A8E1-5C053030A604}.Release|Any CPU.Build.0 = Release|Any CPU
		{82DE6A67-515F-486F-B3CE-41BE4FB68F0D}.Debug|Any CPU.ActiveCfg = Debug|Any CPU
		{82DE6A67-515F-486F-B3CE-41BE4FB68F0D}.Debug|Any CPU.Build.0 = Debug|Any CPU
		{82DE6A67-515F-486F-B3CE-41BE4FB68F0D}.Release|Any CPU.ActiveCfg = Release|Any CPU
		{82DE6A67-515F-486F-B3CE-41BE4FB68F0D}.Release|Any CPU.Build.0 = Release|Any CPU
		{6F865A86-084C-4B9B-885E-0B64F7C7311C}.Debug|Any CPU.ActiveCfg = Debug|Any CPU
		{6F865A86-084C-4B9B-885E-0B64F7C7311C}.Debug|Any CPU.Build.0 = Debug|Any CPU
		{6F865A86-084C-4B9B-885E-0B64F7C7311C}.Release|Any CPU.ActiveCfg = Release|Any CPU
		{6F865A86-084C-4B9B-885E-0B64F7C7311C}.Release|Any CPU.Build.0 = Release|Any CPU
	EndGlobalSection
	GlobalSection(SolutionProperties) = preSolution
		HideSolutionNode = FALSE
	EndGlobalSection
	GlobalSection(NestedProjects) = preSolution
		{397B4133-CB6C-4934-A56C-8DC7773643B6} = {7A2D1624-549D-4894-B0FD-7E4A74AD2731}
		{02FED53E-EDEA-4145-A5BC-332449956CEB} = {02EA681E-C7D8-13C7-8484-4AC65E1B71E8}
		{780A1729-55F8-40A0-A8E1-5C053030A604} = {02EA681E-C7D8-13C7-8484-4AC65E1B71E8}
		{02EA681E-C7D8-13C7-8484-4AC65E1B71E8} = {D271C265-875D-4808-92A3-FEDC9249BC3A}
		{7A2D1624-549D-4894-B0FD-7E4A74AD2731} = {D271C265-875D-4808-92A3-FEDC9249BC3A}
		{C138B6D9-1E46-4EAB-A07B-BF6935FC54A5} = {D271C265-875D-4808-92A3-FEDC9249BC3A}
		{82DE6A67-515F-486F-B3CE-41BE4FB68F0D} = {C138B6D9-1E46-4EAB-A07B-BF6935FC54A5}
		{0E77A6C0-A4C8-46DB-9B0D-0E9AA18D84A4} = {D271C265-875D-4808-92A3-FEDC9249BC3A}
		{6F865A86-084C-4B9B-885E-0B64F7C7311C} = {0E77A6C0-A4C8-46DB-9B0D-0E9AA18D84A4}
	EndGlobalSection
	GlobalSection(ExtensibilityGlobals) = postSolution
		SolutionGuid = {67B9646E-23F5-4679-A773-88A39F09B8D8}
	EndGlobalSection
EndGlobal
