
Microsoft Visual Studio Solution File, Format Version 12.00
# Visual Studio Version 17
VisualStudioVersion = 17.13.35919.96 d17.13
MinimumVisualStudioVersion = 10.0.40219.1
Project("{FAE04EC0-301F-11D3-BF4B-00C04F79EFBC}") = "KafkaPublish", "KafkaPublish\KafkaPublish.csproj", "{397B4133-CB6C-4934-A56C-8DC7773643B6}"
EndProject
Global
	GlobalSection(SolutionConfigurationPlatforms) = preSolution
		Debug|Any CPU = Debug|Any CPU
		Release|Any CPU = Release|Any CPU
	EndGlobalSection
	GlobalSection(ProjectConfigurationPlatforms) = postSolution
		{397B4133-CB6C-4934-A56C-8DC7773643B6}.Debug|Any CPU.ActiveCfg = Debug|Any CPU
		{397B4133-CB6C-4934-A56C-8DC7773643B6}.Debug|Any CPU.Build.0 = Debug|Any CPU
		{397B4133-CB6C-4934-A56C-8DC7773643B6}.Release|Any CPU.ActiveCfg = Release|Any CPU
		{397B4133-CB6C-4934-A56C-8DC7773643B6}.Release|Any CPU.Build.0 = Release|Any CPU
	EndGlobalSection
	GlobalSection(SolutionProperties) = preSolution
		HideSolutionNode = FALSE
	EndGlobalSection
	GlobalSection(ExtensibilityGlobals) = postSolution
		SolutionGuid = {67B9646E-23F5-4679-A773-88A39F09B8D8}
	EndGlobalSection
EndGlobal
